
Microsoft Visual Studio Solution File, Format Version 12.00
# Visual Studio Version 17
VisualStudioVersion = 17.4.33213.308
MinimumVisualStudioVersion = 10.0.40219.1
Project("{9A19103F-16F7-4668-BE54-9A1E7A4F7556}") = "0036. Valid Sudoku", "0036. Valid Sudoku\0036. Valid Sudoku.csproj", "{D9965DFC-4F71-4B72-A389-7DC1F6E5DFAF}"
EndProject
Project("{9A19103F-16F7-4668-BE54-9A1E7A4F7556}") = "0481. Magical String", "0481. Magical String\0481. Magical String.csproj", "{EB70707C-F73D-4282-A58E-06F217B3D5F4}"
EndProject
Project("{9A19103F-16F7-4668-BE54-9A1E7A4F7556}") = "0198. House Robber", "0198. House Robber\0198. House Robber.csproj", "{9CAE2271-3A2B-4312-ABBD-4A3F6B74008B}"
EndProject
Project("{FAE04EC0-301F-11D3-BF4B-00C04F79EFBC}") = "0652. Find Duplicate Subtrees", "0652. Find Duplicate Subtrees\0652. Find Duplicate Subtrees.csproj", "{AD9C9942-53B2-4685-AC0B-B96880B3F32F}"
EndProject
Global
	GlobalSection(SolutionConfigurationPlatforms) = preSolution
		Debug|Any CPU = Debug|Any CPU
		Release|Any CPU = Release|Any CPU
	EndGlobalSection
	GlobalSection(ProjectConfigurationPlatforms) = postSolution
		{D9965DFC-4F71-4B72-A389-7DC1F6E5DFAF}.Debug|Any CPU.ActiveCfg = Debug|Any CPU
		{D9965DFC-4F71-4B72-A389-7DC1F6E5DFAF}.Debug|Any CPU.Build.0 = Debug|Any CPU
		{D9965DFC-4F71-4B72-A389-7DC1F6E5DFAF}.Release|Any CPU.ActiveCfg = Release|Any CPU
		{D9965DFC-4F71-4B72-A389-7DC1F6E5DFAF}.Release|Any CPU.Build.0 = Release|Any CPU
		{EB70707C-F73D-4282-A58E-06F217B3D5F4}.Debug|Any CPU.ActiveCfg = Debug|Any CPU
		{EB70707C-F73D-4282-A58E-06F217B3D5F4}.Debug|Any CPU.Build.0 = Debug|Any CPU
		{EB70707C-F73D-4282-A58E-06F217B3D5F4}.Release|Any CPU.ActiveCfg = Release|Any CPU
		{EB70707C-F73D-4282-A58E-06F217B3D5F4}.Release|Any CPU.Build.0 = Release|Any CPU
		{9CAE2271-3A2B-4312-ABBD-4A3F6B74008B}.Debug|Any CPU.ActiveCfg = Debug|Any CPU
		{9CAE2271-3A2B-4312-ABBD-4A3F6B74008B}.Debug|Any CPU.Build.0 = Debug|Any CPU
		{9CAE2271-3A2B-4312-ABBD-4A3F6B74008B}.Release|Any CPU.ActiveCfg = Release|Any CPU
		{9CAE2271-3A2B-4312-ABBD-4A3F6B74008B}.Release|Any CPU.Build.0 = Release|Any CPU
		{AD9C9942-53B2-4685-AC0B-B96880B3F32F}.Debug|Any CPU.ActiveCfg = Debug|Any CPU
		{AD9C9942-53B2-4685-AC0B-B96880B3F32F}.Debug|Any CPU.Build.0 = Debug|Any CPU
		{AD9C9942-53B2-4685-AC0B-B96880B3F32F}.Release|Any CPU.ActiveCfg = Release|Any CPU
		{AD9C9942-53B2-4685-AC0B-B96880B3F32F}.Release|Any CPU.Build.0 = Release|Any CPU
	EndGlobalSection
	GlobalSection(SolutionProperties) = preSolution
		HideSolutionNode = FALSE
	EndGlobalSection
	GlobalSection(ExtensibilityGlobals) = postSolution
		SolutionGuid = {0573ADD4-348A-4EBD-B31C-3D34A7C6B641}
	EndGlobalSection
EndGlobal
